PODS:
  - boost-for-react-native (1.63.0)
  - DoubleConversion (1.1.6)
  - EXAppLoaderProvider (8.0.0)
  - EXConstants (9.2.0):
    - UMConstantsInterface
    - UMCore
  - EXErrorRecovery (1.3.0):
    - UMCore
  - EXFileSystem (9.2.0):
    - UMCore
    - UMFileSystemInterface
  - EXFont (8.3.0):
    - UMCore
    - UMFontInterface
  - EXKeepAwake (8.3.0):
    - UMCore
  - EXLinearGradient (8.3.1):
    - UMCore
  - EXLocation (9.0.1):
    - UMCore
    - UMPermissionsInterface
    - UMTaskManagerInterface
  - EXPermissions (9.3.0):
    - UMCore
    - UMPermissionsInterface
  - EXSplashScreen (0.6.2):
    - React
    - UMCore
  - EXSQLite (8.4.0):
    - UMCore
    - UMFileSystemInterface
  - EXUpdates (0.3.5):
    - React
    - UMCore
  - FBLazyVector (0.61.5)
  - FBReactNativeSpec (0.61.5):
    - Folly (= 2018.10.22.00)
    - RCTRequired (= 0.61.5)
    - RCTTypeSafety (= 0.61.5)
    - React-Core (= 0.61.5)
    - React-jsi (= 0.61.5)
    - ReactCommon/turbomodule/core (= 0.61.5)
  - Folly (2018.10.22.00):
    - boost-for-react-native
    - DoubleConversion
    - Folly/Default (= 2018.10.22.00)
    - glog
  - Folly/Default (2018.10.22.00):
    - boost-for-react-native
    - DoubleConversion
    - glog
  - glog (0.3.5)
  - RCTRequired (0.61.5)
  - RCTTypeSafety (0.61.5):
    - FBLazyVector (= 0.61.5)
    - Folly (= 2018.10.22.00)
    - RCTRequired (= 0.61.5)
    - React-Core (= 0.61.5)
  - React (0.61.5):
    - React-Core (= 0.61.5)
    - React-Core/DevSupport (= 0.61.5)
    - React-Core/RCTWebSocket (= 0.61.5)
    - React-RCTActionSheet (= 0.61.5)
    - React-RCTAnimation (= 0.61.5)
    - React-RCTBlob (= 0.61.5)
    - React-RCTImage (= 0.61.5)
    - React-RCTLinking (= 0.61.5)
    - React-RCTNetwork (= 0.61.5)
    - React-RCTSettings (= 0.61.5)
    - React-RCTText (= 0.61.5)
    - React-RCTVibration (= 0.61.5)
  - React-Core (0.61.5):
    - Folly (= 2018.10.22.00)
    - glog
    - React-Core/Default (= 0.61.5)
    - React-cxxreact (= 0.61.5)
    - React-jsi (= 0.61.5)
    - React-jsiexecutor (= 0.61.5)
    - Yoga
  - React-Core/CoreModulesHeaders (0.61.5):
    - Folly (= 2018.10.22.00)
    - glog
    - React-Core/Default
    - React-cxxreact (= 0.61.5)
    - React-jsi (= 0.61.5)
    - React-jsiexecutor (= 0.61.5)
    - Yoga
  - React-Core/Default (0.61.5):
    - Folly (= 2018.10.22.00)
    - glog
    - React-cxxreact (= 0.61.5)
    - React-jsi (= 0.61.5)
    - React-jsiexecutor (= 0.61.5)
    - Yoga
  - React-Core/DevSupport (0.61.5):
    - Folly (= 2018.10.22.00)
    - glog
    - React-Core/Default (= 0.61.5)
    - React-Core/RCTWebSocket (= 0.61.5)
    - React-cxxreact (= 0.61.5)
    - React-jsi (= 0.61.5)
    - React-jsiexecutor (= 0.61.5)
    - React-jsinspector (= 0.61.5)
    - Yoga
  - React-Core/RCTActionSheetHeaders (0.61.5):
    - Folly (= 2018.10.22.00)
    - glog
    - React-Core/Default
    - React-cxxreact (= 0.61.5)
    - React-jsi (= 0.61.5)
    - React-jsiexecutor (= 0.61.5)
    - Yoga
  - React-Core/RCTAnimationHeaders (0.61.5):
    - Folly (= 2018.10.22.00)
    - glog
    - React-Core/Default
    - React-cxxreact (= 0.61.5)
    - React-jsi (= 0.61.5)
    - React-jsiexecutor (= 0.61.5)
    - Yoga
  - React-Core/RCTBlobHeaders (0.61.5):
    - Folly (= 2018.10.22.00)
    - glog
    - React-Core/Default
    - React-cxxreact (= 0.61.5)
    - React-jsi (= 0.61.5)
    - React-jsiexecutor (= 0.61.5)
    - Yoga
  - React-Core/RCTImageHeaders (0.61.5):
    - Folly (= 2018.10.22.00)
    - glog
    - React-Core/Default
    - React-cxxreact (= 0.61.5)
    - React-jsi (= 0.61.5)
    - React-jsiexecutor (= 0.61.5)
    - Yoga
  - React-Core/RCTLinkingHeaders (0.61.5):
    - Folly (= 2018.10.22.00)
    - glog
    - React-Core/Default
    - React-cxxreact (= 0.61.5)
    - React-jsi (= 0.61.5)
    - React-jsiexecutor (= 0.61.5)
    - Yoga
  - React-Core/RCTNetworkHeaders (0.61.5):
    - Folly (= 2018.10.22.00)
    - glog
    - React-Core/Default
    - React-cxxreact (= 0.61.5)
    - React-jsi (= 0.61.5)
    - React-jsiexecutor (= 0.61.5)
    - Yoga
  - React-Core/RCTSettingsHeaders (0.61.5):
    - Folly (= 2018.10.22.00)
    - glog
    - React-Core/Default
    - React-cxxreact (= 0.61.5)
    - React-jsi (= 0.61.5)
    - React-jsiexecutor (= 0.61.5)
    - Yoga
  - React-Core/RCTTextHeaders (0.61.5):
    - Folly (= 2018.10.22.00)
    - glog
    - React-Core/Default
    - React-cxxreact (= 0.61.5)
    - React-jsi (= 0.61.5)
    - React-jsiexecutor (= 0.61.5)
    - Yoga
  - React-Core/RCTVibrationHeaders (0.61.5):
    - Folly (= 2018.10.22.00)
    - glog
    - React-Core/Default
    - React-cxxreact (= 0.61.5)
    - React-jsi (= 0.61.5)
    - React-jsiexecutor (= 0.61.5)
    - Yoga
  - React-Core/RCTWebSocket (0.61.5):
    - Folly (= 2018.10.22.00)
    - glog
    - React-Core/Default (= 0.61.5)
    - React-cxxreact (= 0.61.5)
    - React-jsi (= 0.61.5)
    - React-jsiexecutor (= 0.61.5)
    - Yoga
  - React-CoreModules (0.61.5):
    - FBReactNativeSpec (= 0.61.5)
    - Folly (= 2018.10.22.00)
    - RCTTypeSafety (= 0.61.5)
    - React-Core/CoreModulesHeaders (= 0.61.5)
    - React-RCTImage (= 0.61.5)
    - ReactCommon/turbomodule/core (= 0.61.5)
  - React-cxxreact (0.61.5):
    - boost-for-react-native (= 1.63.0)
    - DoubleConversion
    - Folly (= 2018.10.22.00)
    - glog
    - React-jsinspector (= 0.61.5)
  - React-jsi (0.61.5):
    - boost-for-react-native (= 1.63.0)
    - DoubleConversion
    - Folly (= 2018.10.22.00)
    - glog
    - React-jsi/Default (= 0.61.5)
  - React-jsi/Default (0.61.5):
    - boost-for-react-native (= 1.63.0)
    - DoubleConversion
    - Folly (= 2018.10.22.00)
    - glog
  - React-jsiexecutor (0.61.5):
    - DoubleConversion
    - Folly (= 2018.10.22.00)
    - glog
    - React-cxxreact (= 0.61.5)
    - React-jsi (= 0.61.5)
  - React-jsinspector (0.61.5)
  - react-native-geolocation (2.0.2):
    - React
  - react-native-safe-area-context (3.1.4):
    - React
  - React-RCTActionSheet (0.61.5):
    - React-Core/RCTActionSheetHeaders (= 0.61.5)
  - React-RCTAnimation (0.61.5):
    - React-Core/RCTAnimationHeaders (= 0.61.5)
  - React-RCTBlob (0.61.5):
    - React-Core/RCTBlobHeaders (= 0.61.5)
    - React-Core/RCTWebSocket (= 0.61.5)
    - React-jsi (= 0.61.5)
    - React-RCTNetwork (= 0.61.5)
  - React-RCTImage (0.61.5):
    - React-Core/RCTImageHeaders (= 0.61.5)
    - React-RCTNetwork (= 0.61.5)
  - React-RCTLinking (0.61.5):
    - React-Core/RCTLinkingHeaders (= 0.61.5)
  - React-RCTNetwork (0.61.5):
    - React-Core/RCTNetworkHeaders (= 0.61.5)
  - React-RCTSettings (0.61.5):
    - React-Core/RCTSettingsHeaders (= 0.61.5)
  - React-RCTText (0.61.5):
    - React-Core/RCTTextHeaders (= 0.61.5)
  - React-RCTVibration (0.61.5):
    - React-Core/RCTVibrationHeaders (= 0.61.5)
  - ReactCommon/jscallinvoker (0.61.5):
    - DoubleConversion
    - Folly (= 2018.10.22.00)
    - glog
    - React-cxxreact (= 0.61.5)
  - ReactCommon/turbomodule/core (0.61.5):
    - DoubleConversion
    - Folly (= 2018.10.22.00)
    - glog
    - React-Core (= 0.61.5)
    - React-cxxreact (= 0.61.5)
    - React-jsi (= 0.61.5)
    - ReactCommon/jscallinvoker (= 0.61.5)
  - ReactNativeGetLocation (1.4.3):
    - React
  - RNCAsyncStorage (1.12.1):
    - React-Core
  - RNCMaskedView (0.1.10):
    - React
  - RNCPicker (1.6.6):
    - React
  - RNGestureHandler (1.7.0):
    - React
  - RNReanimated (1.13.1):
    - React
  - RNScreens (2.10.1):
    - React
  - RNSVG (12.1.0):
    - React
  - UMAppLoader (1.3.0)
  - UMBarCodeScannerInterface (5.3.0)
  - UMCameraInterface (5.3.0)
  - UMConstantsInterface (5.3.0)
  - UMCore (5.5.1)
  - UMFaceDetectorInterface (5.3.0)
  - UMFileSystemInterface (5.3.0)
  - UMFontInterface (5.3.0)
  - UMImageLoaderInterface (5.3.0)
  - UMPermissionsInterface (5.3.0):
    - UMCore
  - UMReactNativeAdapter (5.6.0):
    - React-Core
    - UMCore
    - UMFontInterface
  - UMSensorsInterface (5.3.0)
  - UMTaskManagerInterface (5.3.0)
  - Yoga (1.14.0)

DEPENDENCIES:
  - DoubleConversion (from `../node_modules/react-native/third-party-podspecs/DoubleConversion.podspec`)
  - EXAppLoaderProvider (from `../node_modules/expo-app-loader-provider/ios`)
  - EXConstants (from `../node_modules/expo-constants/ios`)
  - EXErrorRecovery (from `../node_modules/expo-error-recovery/ios`)
  - EXFileSystem (from `../node_modules/expo-file-system/ios`)
  - EXFont (from `../node_modules/expo-font/ios`)
  - EXKeepAwake (from `../node_modules/expo-keep-awake/ios`)
  - EXLinearGradient (from `../node_modules/expo-linear-gradient/ios`)
  - EXLocation (from `../node_modules/expo-location/ios`)
  - EXPermissions (from `../node_modules/expo-permissions/ios`)
  - EXSplashScreen (from `../node_modules/expo-splash-screen/ios`)
  - EXSQLite (from `../node_modules/expo-sqlite/ios`)
  - EXUpdates (from `../node_modules/expo-updates/ios`)
  - FBLazyVector (from `../node_modules/react-native/Libraries/FBLazyVector`)
  - FBReactNativeSpec (from `../node_modules/react-native/Libraries/FBReactNativeSpec`)
  - Folly (from `../node_modules/react-native/third-party-podspecs/Folly.podspec`)
  - glog (from `../node_modules/react-native/third-party-podspecs/glog.podspec`)
  - RCTRequired (from `../node_modules/react-native/Libraries/RCTRequired`)
  - RCTTypeSafety (from `../node_modules/react-native/Libraries/TypeSafety`)
  - React (from `../node_modules/react-native/`)
  - React-Core (from `../node_modules/react-native/`)
  - React-Core/DevSupport (from `../node_modules/react-native/`)
  - React-Core/RCTWebSocket (from `../node_modules/react-native/`)
  - React-CoreModules (from `../node_modules/react-native/React/CoreModules`)
  - React-cxxreact (from `../node_modules/react-native/ReactCommon/cxxreact`)
  - React-jsi (from `../node_modules/react-native/ReactCommon/jsi`)
  - React-jsiexecutor (from `../node_modules/react-native/ReactCommon/jsiexecutor`)
  - React-jsinspector (from `../node_modules/react-native/ReactCommon/jsinspector`)
  - "react-native-geolocation (from `../node_modules/@react-native-community/geolocation`)"
  - react-native-safe-area-context (from `../node_modules/react-native-safe-area-context`)
  - React-RCTActionSheet (from `../node_modules/react-native/Libraries/ActionSheetIOS`)
  - React-RCTAnimation (from `../node_modules/react-native/Libraries/NativeAnimation`)
  - React-RCTBlob (from `../node_modules/react-native/Libraries/Blob`)
  - React-RCTImage (from `../node_modules/react-native/Libraries/Image`)
  - React-RCTLinking (from `../node_modules/react-native/Libraries/LinkingIOS`)
  - React-RCTNetwork (from `../node_modules/react-native/Libraries/Network`)
  - React-RCTSettings (from `../node_modules/react-native/Libraries/Settings`)
  - React-RCTText (from `../node_modules/react-native/Libraries/Text`)
  - React-RCTVibration (from `../node_modules/react-native/Libraries/Vibration`)
  - ReactCommon/jscallinvoker (from `../node_modules/react-native/ReactCommon`)
  - ReactCommon/turbomodule/core (from `../node_modules/react-native/ReactCommon`)
  - ReactNativeGetLocation (from `../node_modules/react-native-get-location`)
  - "RNCAsyncStorage (from `../node_modules/@react-native-community/async-storage`)"
  - "RNCMaskedView (from `../node_modules/@react-native-community/masked-view`)"
  - "RNCPicker (from `../node_modules/@react-native-community/picker`)"
  - RNGestureHandler (from `../node_modules/react-native-gesture-handler`)
  - RNReanimated (from `../node_modules/react-native-reanimated`)
  - RNScreens (from `../node_modules/react-native-screens`)
  - RNSVG (from `../node_modules/react-native-svg`)
  - UMAppLoader (from `../node_modules/unimodules-app-loader/ios`)
  - UMBarCodeScannerInterface (from `../node_modules/unimodules-barcode-scanner-interface/ios`)
  - UMCameraInterface (from `../node_modules/unimodules-camera-interface/ios`)
  - UMConstantsInterface (from `../node_modules/unimodules-constants-interface/ios`)
  - "UMCore (from `../node_modules/@unimodules/core/ios`)"
  - UMFaceDetectorInterface (from `../node_modules/unimodules-face-detector-interface/ios`)
  - UMFileSystemInterface (from `../node_modules/unimodules-file-system-interface/ios`)
  - UMFontInterface (from `../node_modules/unimodules-font-interface/ios`)
  - UMImageLoaderInterface (from `../node_modules/unimodules-image-loader-interface/ios`)
  - UMPermissionsInterface (from `../node_modules/unimodules-permissions-interface/ios`)
  - "UMReactNativeAdapter (from `../node_modules/@unimodules/react-native-adapter/ios`)"
  - UMSensorsInterface (from `../node_modules/unimodules-sensors-interface/ios`)
  - UMTaskManagerInterface (from `../node_modules/unimodules-task-manager-interface/ios`)
  - Yoga (from `../node_modules/react-native/ReactCommon/yoga`)

SPEC REPOS:
  trunk:
    - boost-for-react-native

EXTERNAL SOURCES:
  DoubleConversion:
    :podspec: "../node_modules/react-native/third-party-podspecs/DoubleConversion.podspec"
  EXAppLoaderProvider:
    :path: !ruby/object:Pathname
    path: "../node_modules/expo-app-loader-provider/ios"
  EXConstants:
    :path: !ruby/object:Pathname
    path: "../node_modules/expo-constants/ios"
  EXErrorRecovery:
    :path: !ruby/object:Pathname
    path: "../node_modules/expo-error-recovery/ios"
  EXFileSystem:
    :path: !ruby/object:Pathname
    path: "../node_modules/expo-file-system/ios"
  EXFont:
    :path: !ruby/object:Pathname
    path: "../node_modules/expo-font/ios"
  EXKeepAwake:
    :path: !ruby/object:Pathname
    path: "../node_modules/expo-keep-awake/ios"
  EXLinearGradient:
    :path: !ruby/object:Pathname
    path: "../node_modules/expo-linear-gradient/ios"
  EXLocation:
    :path: !ruby/object:Pathname
    path: "../node_modules/expo-location/ios"
  EXPermissions:
    :path: !ruby/object:Pathname
    path: "../node_modules/expo-permissions/ios"
  EXSplashScreen:
    :path: !ruby/object:Pathname
    path: "../node_modules/expo-splash-screen/ios"
  EXSQLite:
    :path: !ruby/object:Pathname
    path: "../node_modules/expo-sqlite/ios"
  EXUpdates:
    :path: !ruby/object:Pathname
    path: "../node_modules/expo-updates/ios"
  FBLazyVector:
    :path: "../node_modules/react-native/Libraries/FBLazyVector"
  FBReactNativeSpec:
    :path: "../node_modules/react-native/Libraries/FBReactNativeSpec"
  Folly:
    :podspec: "../node_modules/react-native/third-party-podspecs/Folly.podspec"
  glog:
    :podspec: "../node_modules/react-native/third-party-podspecs/glog.podspec"
  RCTRequired:
    :path: "../node_modules/react-native/Libraries/RCTRequired"
  RCTTypeSafety:
    :path: "../node_modules/react-native/Libraries/TypeSafety"
  React:
    :path: "../node_modules/react-native/"
  React-Core:
    :path: "../node_modules/react-native/"
  React-CoreModules:
    :path: "../node_modules/react-native/React/CoreModules"
  React-cxxreact:
    :path: "../node_modules/react-native/ReactCommon/cxxreact"
  React-jsi:
    :path: "../node_modules/react-native/ReactCommon/jsi"
  React-jsiexecutor:
    :path: "../node_modules/react-native/ReactCommon/jsiexecutor"
  React-jsinspector:
    :path: "../node_modules/react-native/ReactCommon/jsinspector"
  react-native-geolocation:
    :path: "../node_modules/@react-native-community/geolocation"
  react-native-safe-area-context:
    :path: "../node_modules/react-native-safe-area-context"
  React-RCTActionSheet:
    :path: "../node_modules/react-native/Libraries/ActionSheetIOS"
  React-RCTAnimation:
    :path: "../node_modules/react-native/Libraries/NativeAnimation"
  React-RCTBlob:
    :path: "../node_modules/react-native/Libraries/Blob"
  React-RCTImage:
    :path: "../node_modules/react-native/Libraries/Image"
  React-RCTLinking:
    :path: "../node_modules/react-native/Libraries/LinkingIOS"
  React-RCTNetwork:
    :path: "../node_modules/react-native/Libraries/Network"
  React-RCTSettings:
    :path: "../node_modules/react-native/Libraries/Settings"
  React-RCTText:
    :path: "../node_modules/react-native/Libraries/Text"
  React-RCTVibration:
    :path: "../node_modules/react-native/Libraries/Vibration"
  ReactCommon:
    :path: "../node_modules/react-native/ReactCommon"
  ReactNativeGetLocation:
    :path: "../node_modules/react-native-get-location"
  RNCAsyncStorage:
    :path: "../node_modules/@react-native-community/async-storage"
  RNCMaskedView:
    :path: "../node_modules/@react-native-community/masked-view"
  RNCPicker:
    :path: "../node_modules/@react-native-community/picker"
  RNGestureHandler:
    :path: "../node_modules/react-native-gesture-handler"
  RNReanimated:
    :path: "../node_modules/react-native-reanimated"
  RNScreens:
    :path: "../node_modules/react-native-screens"
  RNSVG:
    :path: "../node_modules/react-native-svg"
  UMAppLoader:
    :path: !ruby/object:Pathname
    path: "../node_modules/unimodules-app-loader/ios"
  UMBarCodeScannerInterface:
    :path: !ruby/object:Pathname
    path: "../node_modules/unimodules-barcode-scanner-interface/ios"
  UMCameraInterface:
    :path: !ruby/object:Pathname
    path: "../node_modules/unimodules-camera-interface/ios"
  UMConstantsInterface:
    :path: !ruby/object:Pathname
    path: "../node_modules/unimodules-constants-interface/ios"
  UMCore:
    :path: !ruby/object:Pathname
    path: "../node_modules/@unimodules/core/ios"
  UMFaceDetectorInterface:
    :path: !ruby/object:Pathname
    path: "../node_modules/unimodules-face-detector-interface/ios"
  UMFileSystemInterface:
    :path: !ruby/object:Pathname
    path: "../node_modules/unimodules-file-system-interface/ios"
  UMFontInterface:
    :path: !ruby/object:Pathname
    path: "../node_modules/unimodules-font-interface/ios"
  UMImageLoaderInterface:
    :path: !ruby/object:Pathname
    path: "../node_modules/unimodules-image-loader-interface/ios"
  UMPermissionsInterface:
    :path: !ruby/object:Pathname
    path: "../node_modules/unimodules-permissions-interface/ios"
  UMReactNativeAdapter:
    :path: !ruby/object:Pathname
    path: "../node_modules/@unimodules/react-native-adapter/ios"
  UMSensorsInterface:
    :path: !ruby/object:Pathname
    path: "../node_modules/unimodules-sensors-interface/ios"
  UMTaskManagerInterface:
    :path: !ruby/object:Pathname
    path: "../node_modules/unimodules-task-manager-interface/ios"
  Yoga:
    :path: "../node_modules/react-native/ReactCommon/yoga"

SPEC CHECKSUMS:
  boost-for-react-native: 39c7adb57c4e60d6c5479dd8623128eb5b3f0f2c
  DoubleConversion: 5805e889d232975c086db112ece9ed034df7a0b2
  EXAppLoaderProvider: f6aeb45ee81887811b34eee5c5f235a6111d58d0
  EXConstants: 6ec1ea4a13ec734c7e2274bc9e5b7408d73007a1
  EXErrorRecovery: cfb65ec51567cf57a00b2720a2367ac009298319
  EXFileSystem: efd6c0225f90c8b2c85131d578a09e13197e8b70
  EXFont: 91111ccdce7c739ff51c5fcb484f2dd9a9a4ce45
  EXKeepAwake: 4502a0ed7b7c5135587004e6d118acf8cea055fc
  EXLinearGradient: 54bec9b1b4940407fc498cab6a0c49c617c8cf54
  EXLocation: 210d39a6e5d793f9721117a11c0b27dc523a3183
  EXPermissions: 5797c6c72efb411b2bbf502cd5acd841e3ffeefa
  EXSplashScreen: accde6b1aaa87f395d6c5e0542e23d5c09a549ab
  EXSQLite: 246074ef810a3b5e41c0cf8cde141adccc3b0f6b
  EXUpdates: 305ea4c81ed9e6f70274c1f5fe765d646d5dcbdc
  FBLazyVector: aaeaf388755e4f29cd74acbc9e3b8da6d807c37f
  FBReactNativeSpec: 118d0d177724c2d67f08a59136eb29ef5943ec75
  Folly: 30e7936e1c45c08d884aa59369ed951a8e68cf51
  glog: 1f3da668190260b06b429bb211bfbee5cd790c28
  RCTRequired: b153add4da6e7dbc44aebf93f3cf4fcae392ddf1
  RCTTypeSafety: 9aa1b91d7f9310fc6eadc3cf95126ffe818af320
  React: b6a59ef847b2b40bb6e0180a97d0ca716969ac78
  React-Core: 688b451f7d616cc1134ac95295b593d1b5158a04
  React-CoreModules: d04f8494c1a328b69ec11db9d1137d667f916dcb
  React-cxxreact: d0f7bcafa196ae410e5300736b424455e7fb7ba7
  React-jsi: cb2cd74d7ccf4cffb071a46833613edc79cdf8f7
  React-jsiexecutor: d5525f9ed5f782fdbacb64b9b01a43a9323d2386
  React-jsinspector: fa0ecc501688c3c4c34f28834a76302233e29dc0
  react-native-geolocation: cbd9d6bd06bac411eed2671810f454d4908484a8
  react-native-safe-area-context: 0ed9288ed4409beabb0817b54efc047286fc84da
  React-RCTActionSheet: 600b4d10e3aea0913b5a92256d2719c0cdd26d76
  React-RCTAnimation: 791a87558389c80908ed06cc5dfc5e7920dfa360
  React-RCTBlob: d89293cc0236d9cb0933d85e430b0bbe81ad1d72
  React-RCTImage: 6b8e8df449eb7c814c99a92d6b52de6fe39dea4e
  React-RCTLinking: 121bb231c7503cf9094f4d8461b96a130fabf4a5
  React-RCTNetwork: fb353640aafcee84ca8b78957297bd395f065c9a
  React-RCTSettings: 8db258ea2a5efee381fcf7a6d5044e2f8b68b640
  React-RCTText: 9ccc88273e9a3aacff5094d2175a605efa854dbe
  React-RCTVibration: a49a1f42bf8f5acf1c3e297097517c6b3af377ad
  ReactCommon: 198c7c8d3591f975e5431bec1b0b3b581aa1c5dd
  ReactNativeGetLocation: 89122289934b38e1a2ded7d921f5d16a16328aa0
  RNCAsyncStorage: cb9a623793918c6699586281f0b51cbc38f046f9
  RNCMaskedView: f5c7d14d6847b7b44853f7acb6284c1da30a3459
  RNCPicker: 494015f2b7ec4bee5484b6f235aa19691426dcdb
  RNGestureHandler: b6b359bb800ae399a9c8b27032bdbf7c18f08a08
  RNReanimated: dd8c286ab5dd4ba36d3a7fef8bff7e08711b5476
  RNScreens: b748efec66e095134c7166ca333b628cd7e6f3e2
  RNSVG: ce9d996113475209013317e48b05c21ee988d42e
  UMAppLoader: 939854a42e69527ee11dd17b39ebafcbfbefd05c
  UMBarCodeScannerInterface: 198ced513a0cf8143d822620f1620bce467d02be
  UMCameraInterface: dbcaade8d0364ba5518ae4519c63c59bf010aa89
  UMConstantsInterface: 2ad180a29afdf28607d11d6e23c90793d294ea0e
  UMCore: 9b6c0ae27349356ed39c9e78b99b7830bb093856
  UMFaceDetectorInterface: 24faf81d90fb00d477c674fd00b9cb005176f4a0
  UMFileSystemInterface: 5216dca58177014de7f1157d69c70a1ec5c620bb
  UMFontInterface: 4d0f13001fc59436125d7424cdfa7c897b699724
  UMImageLoaderInterface: 575357942cc57ad31662659df9d5a73daa6de54c
  UMPermissionsInterface: 208b2c5fd6756dcad739d806dfe32b9e44b9311b
  UMReactNativeAdapter: 2c175f151cfe5ff011ced7bc79ccb08bf124f6c3
  UMSensorsInterface: 1df848f22690ccd23a821777f00df230fe5a28e3
  UMTaskManagerInterface: dfc62edf51844ae87dafc1fe849b594871fda1e5
  Yoga: f2a7cd4280bfe2cca5a7aed98ba0eb3d1310f18b

PODFILE CHECKSUM: a0725f0a0b747f6560755e6bfd3f888ea46edf53

COCOAPODS: 1.10.0
